{
  "name": "typescript-node-examples",
  "version": "1.0.0",
  "lockfileVersion": 1,
  "requires": true,
  "dependencies": {
    "systemjs": {
      "version": "0.20.17",
      "resolved": "https://registry.npmjs.org/systemjs/-/systemjs-0.20.17.tgz",
      "integrity": "sha512-AK1DBQvn+TaHWPLjZxXE81Y9VCzhu9grs7z/wKYoYp8qV+voasqmjHxZRuK9ZnoJGtrLlLqMcCBjyqErRchWIA=="
    },
    "typescript": {
      "version": "2.9.2",
      "resolved": "https://registry.npmjs.org/typescript/-/typescript-2.9.2.tgz",
      "integrity": "sha512-Gr4p6nFNaoufRIY4NMdpQRNmgxVIGMs4Fcu/ujdYk3nAZqk7supzBE9idmvfZIlH/Cuj//dvi+019qEue9lV0w=="
    }
  }
}
